
Microsoft Visual Studio Solution File, Format Version 10.00
# Visual Studio 2008
Project("{D2ABAB84-BF74-430A-B69E-9DC6D40DDA17}") = "Projeto do Analysis Services1", "Projeto do Analysis Services1\Projeto do Analysis Services1.dwproj", "{1F4C85D6-1D9C-4BBA-BA26-DBA701C6E079}"
EndProject
Global
	GlobalSection(SolutionConfigurationPlatforms) = preSolution
		Development|Default = Development|Default
	EndGlobalSection
	GlobalSection(ProjectConfigurationPlatforms) = postSolution
		{1F4C85D6-1D9C-4BBA-BA26-DBA701C6E079}.Development|Default.ActiveCfg = Development
		{1F4C85D6-1D9C-4BBA-BA26-DBA701C6E079}.Development|Default.Build.0 = Development
		{1F4C85D6-1D9C-4BBA-BA26-DBA701C6E079}.Development|Default.Deploy.0 = Development
	EndGlobalSection
	GlobalSection(SolutionProperties) = preSolution
		HideSolutionNode = FALSE
	EndGlobalSection
EndGlobal
