
Microsoft Visual Studio Solution File, Format Version 10.00
# Visual Studio 2008
Project("{D2ABAB84-BF74-430A-B69E-9DC6D40DDA17}") = "analise_cubo_deputados", "analise_cubo_deputados\analise_cubo_deputados.dwproj", "{7FCED016-B01E-4A8B-A95C-FFD003288F43}"
EndProject
Global
	GlobalSection(SolutionConfigurationPlatforms) = preSolution
		Development|Default = Development|Default
	EndGlobalSection
	GlobalSection(ProjectConfigurationPlatforms) = postSolution
		{7FCED016-B01E-4A8B-A95C-FFD003288F43}.Development|Default.ActiveCfg = Development
		{7FCED016-B01E-4A8B-A95C-FFD003288F43}.Development|Default.Build.0 = Development
		{7FCED016-B01E-4A8B-A95C-FFD003288F43}.Development|Default.Deploy.0 = Development
	EndGlobalSection
	GlobalSection(SolutionProperties) = preSolution
		HideSolutionNode = FALSE
	EndGlobalSection
EndGlobal
