
Microsoft Visual Studio Solution File, Format Version 10.00
# Visual Studio 2008
Project("{D183A3D8-5FD8-494B-B014-37F57B35E655}") = "dw_eleicao_governdador", "dw_eleicao_governdador\dw_eleicao_governdador.dtproj", "{02F54284-FC7A-4AB7-B42A-51C40C893002}"
EndProject
Global
	GlobalSection(SolutionConfigurationPlatforms) = preSolution
		Development|Default = Development|Default
	EndGlobalSection
	GlobalSection(ProjectConfigurationPlatforms) = postSolution
		{02F54284-FC7A-4AB7-B42A-51C40C893002}.Development|Default.ActiveCfg = Development
		{02F54284-FC7A-4AB7-B42A-51C40C893002}.Development|Default.Build.0 = Development
	EndGlobalSection
	GlobalSection(SolutionProperties) = preSolution
		HideSolutionNode = FALSE
	EndGlobalSection
EndGlobal
